
Microsoft Visual Studio Solution File, Format Version 12.00
# Visual Studio 15
Project("{FAE04EC0-301F-11D3-BF4B-00C04F79EFBC}") = "LibraryAPIApp", "LibraryAPIApp\LibraryAPIApp.csproj", "{86AD718F-13C7-46DB-AFFE-406E59DCE61C}"
EndProject
Project("{FAE04EC0-301F-11D3-BF4B-00C04F79EFBC}") = "Common", "Common\Common.csproj", "{A2D6CA24-7651-45AD-A9C9-42122E82304E}"
EndProject
Project("{FAE04EC0-301F-11D3-BF4B-00C04F79EFBC}") = "DataAccess", "DataAccess\DataAccess.csproj", "{D4009D9B-3A9B-4AAF-9DBF-A69F02C04A0A}"
EndProject
Project("{FAE04EC0-301F-11D3-BF4B-00C04F79EFBC}") = "LibraryAPIApp.UnitTests", "LibraryAPIApp.UnitTests\LibraryAPIApp.UnitTests.csproj", "{366BAE84-D460-4C1A-AA58-1D6A4D848127}"
EndProject
Global
	GlobalSection(SolutionConfigurationPlatforms) = preSolution
		Debug|Any CPU = Debug|Any CPU
		Release|Any CPU = Release|Any CPU
	EndGlobalSection
	GlobalSection(ProjectConfigurationPlatforms) = postSolution
		{86AD718F-13C7-46DB-AFFE-406E59DCE61C}.Debug|Any CPU.ActiveCfg = Debug|Any CPU
		{86AD718F-13C7-46DB-AFFE-406E59DCE61C}.Debug|Any CPU.Build.0 = Debug|Any CPU
		{86AD718F-13C7-46DB-AFFE-406E59DCE61C}.Release|Any CPU.ActiveCfg = Release|Any CPU
		{86AD718F-13C7-46DB-AFFE-406E59DCE61C}.Release|Any CPU.Build.0 = Release|Any CPU
		{A2D6CA24-7651-45AD-A9C9-42122E82304E}.Debug|Any CPU.ActiveCfg = Debug|Any CPU
		{A2D6CA24-7651-45AD-A9C9-42122E82304E}.Debug|Any CPU.Build.0 = Debug|Any CPU
		{A2D6CA24-7651-45AD-A9C9-42122E82304E}.Release|Any CPU.ActiveCfg = Release|Any CPU
		{A2D6CA24-7651-45AD-A9C9-42122E82304E}.Release|Any CPU.Build.0 = Release|Any CPU
		{D4009D9B-3A9B-4AAF-9DBF-A69F02C04A0A}.Debug|Any CPU.ActiveCfg = Debug|Any CPU
		{D4009D9B-3A9B-4AAF-9DBF-A69F02C04A0A}.Debug|Any CPU.Build.0 = Debug|Any CPU
		{D4009D9B-3A9B-4AAF-9DBF-A69F02C04A0A}.Release|Any CPU.ActiveCfg = Release|Any CPU
		{D4009D9B-3A9B-4AAF-9DBF-A69F02C04A0A}.Release|Any CPU.Build.0 = Release|Any CPU
		{366BAE84-D460-4C1A-AA58-1D6A4D848127}.Debug|Any CPU.ActiveCfg = Debug|Any CPU
		{366BAE84-D460-4C1A-AA58-1D6A4D848127}.Debug|Any CPU.Build.0 = Debug|Any CPU
		{366BAE84-D460-4C1A-AA58-1D6A4D848127}.Release|Any CPU.ActiveCfg = Release|Any CPU
		{366BAE84-D460-4C1A-AA58-1D6A4D848127}.Release|Any CPU.Build.0 = Release|Any CPU
	EndGlobalSection
EndGlobal
